
Microsoft Visual Studio Solution File, Format Version 12.00
# Visual Studio Version 17
VisualStudioVersion = 17.7.34024.191
MinimumVisualStudioVersion = 10.0.40219.1
Project("{9A19103F-16F7-4668-BE54-9A1E7A4F7556}") = "QuadraticEquation", "QuadraticEquation\QuadraticEquation.csproj", "{052F8D5E-9EA7-4444-B619-C5200A37C97F}"
EndProject
Project("{9A19103F-16F7-4668-BE54-9A1E7A4F7556}") = "PointsAverage", "PointsAverage\PointsAverage.csproj", "{640630C6-3D5A-4743-A27D-0E9102C8FE6B}"
EndProject
Project("{FAE04EC0-301F-11D3-BF4B-00C04F79EFBC}") = "SwitchValues", "SwitchValues\SwitchValues.csproj", "{CC7ADEA0-048D-4E2D-B22B-E33554C1069E}"
EndProject
Global
	GlobalSection(SolutionConfigurationPlatforms) = preSolution
		Debug|Any CPU = Debug|Any CPU
		Release|Any CPU = Release|Any CPU
	EndGlobalSection
	GlobalSection(ProjectConfigurationPlatforms) = postSolution
		{052F8D5E-9EA7-4444-B619-C5200A37C97F}.Debug|Any CPU.ActiveCfg = Debug|Any CPU
		{052F8D5E-9EA7-4444-B619-C5200A37C97F}.Debug|Any CPU.Build.0 = Debug|Any CPU
		{052F8D5E-9EA7-4444-B619-C5200A37C97F}.Release|Any CPU.ActiveCfg = Release|Any CPU
		{052F8D5E-9EA7-4444-B619-C5200A37C97F}.Release|Any CPU.Build.0 = Release|Any CPU
		{640630C6-3D5A-4743-A27D-0E9102C8FE6B}.Debug|Any CPU.ActiveCfg = Debug|Any CPU
		{640630C6-3D5A-4743-A27D-0E9102C8FE6B}.Debug|Any CPU.Build.0 = Debug|Any CPU
		{640630C6-3D5A-4743-A27D-0E9102C8FE6B}.Release|Any CPU.ActiveCfg = Release|Any CPU
		{640630C6-3D5A-4743-A27D-0E9102C8FE6B}.Release|Any CPU.Build.0 = Release|Any CPU
		{CC7ADEA0-048D-4E2D-B22B-E33554C1069E}.Debug|Any CPU.ActiveCfg = Debug|Any CPU
		{CC7ADEA0-048D-4E2D-B22B-E33554C1069E}.Debug|Any CPU.Build.0 = Debug|Any CPU
		{CC7ADEA0-048D-4E2D-B22B-E33554C1069E}.Release|Any CPU.ActiveCfg = Release|Any CPU
		{CC7ADEA0-048D-4E2D-B22B-E33554C1069E}.Release|Any CPU.Build.0 = Release|Any CPU
	EndGlobalSection
	GlobalSection(SolutionProperties) = preSolution
		HideSolutionNode = FALSE
	EndGlobalSection
	GlobalSection(ExtensibilityGlobals) = postSolution
		SolutionGuid = {E26B2F20-EAAF-49A0-A30C-1E990FD8F77C}
	EndGlobalSection
EndGlobal
